<Solution>
  <Folder Name="/common/">
    <File Path="Directory.Packages.props" />
    <File Path="Directory.Build.props" />
    <File Path=".gitignore" />
  </Folder>
  <Folder Name="/src/" />
  <Folder Name="/src/lab-4/">
    <Project Path="src\FilesManager.Core\FilesManager.Core.csproj" Type="C#" />
    <Project Path="src\FilesManager.Presentation\FilesManager.Presentation.csproj" Type="C#" />
  </Folder>
  <Folder Name="/tests/">
    <Project Path="tests\FilesManager.Tests\FilesManager.Tests.csproj" Type="C#" />
  </Folder>
</Solution>